
Microsoft Visual Studio Solution File, Format Version 12.00
# Visual Studio Version 17
VisualStudioVersion = 17.5.33516.290
MinimumVisualStudioVersion = 10.0.40219.1
Project("{FAE04EC0-301F-11D3-BF4B-00C04F79EFBC}") = "VTS_HDScreenshot", "VTS_HDScreenshot\VTS_HDScreenshot.csproj", "{7A2C6DD8-1906-4ECF-953A-0297D874C525}"
EndProject
Global
	GlobalSection(SolutionConfigurationPlatforms) = preSolution
		Debug|Any CPU = Debug|Any CPU
		Release|Any CPU = Release|Any CPU
	EndGlobalSection
	GlobalSection(ProjectConfigurationPlatforms) = postSolution
		{7A2C6DD8-1906-4ECF-953A-0297D874C525}.Debug|Any CPU.ActiveCfg = Debug|Any CPU
		{7A2C6DD8-1906-4ECF-953A-0297D874C525}.Debug|Any CPU.Build.0 = Debug|Any CPU
		{7A2C6DD8-1906-4ECF-953A-0297D874C525}.Release|Any CPU.ActiveCfg = Release|Any CPU
		{7A2C6DD8-1906-4ECF-953A-0297D874C525}.Release|Any CPU.Build.0 = Release|Any CPU
	EndGlobalSection
	GlobalSection(SolutionProperties) = preSolution
		HideSolutionNode = FALSE
	EndGlobalSection
	GlobalSection(ExtensibilityGlobals) = postSolution
		SolutionGuid = {64CE2DD1-E2D8-409F-8C05-134435E3B537}
	EndGlobalSection
EndGlobal
